
Microsoft Visual Studio Solution File, Format Version 12.00
# Visual Studio Version 17
VisualStudioVersion = 17.14.36511.14 d17.14
MinimumVisualStudioVersion = 10.0.40219.1
Project("{FAE04EC0-301F-11D3-BF4B-00C04F79EFBC}") = "SearchLibrary", "SearchLibrary\SearchLibrary.csproj", "{03542DB9-0FFF-4889-AA63-383597C27626}"
EndProject
Project("{FAE04EC0-301F-11D3-BF4B-00C04F79EFBC}") = "SearchLibrary.Tests", "SearchLibrary.Tests\SearchLibrary.Tests.csproj", "{5BB0DC7A-B969-4B8E-9607-26C0418B2C0C}"
EndProject
Global
	GlobalSection(SolutionConfigurationPlatforms) = preSolution
		Debug|Any CPU = Debug|Any CPU
		Release|Any CPU = Release|Any CPU
	EndGlobalSection
	GlobalSection(ProjectConfigurationPlatforms) = postSolution
		{03542DB9-0FFF-4889-AA63-383597C27626}.Debug|Any CPU.ActiveCfg = Debug|Any CPU
		{03542DB9-0FFF-4889-AA63-383597C27626}.Debug|Any CPU.Build.0 = Debug|Any CPU
		{03542DB9-0FFF-4889-AA63-383597C27626}.Release|Any CPU.ActiveCfg = Release|Any CPU
		{03542DB9-0FFF-4889-AA63-383597C27626}.Release|Any CPU.Build.0 = Release|Any CPU
		{5BB0DC7A-B969-4B8E-9607-26C0418B2C0C}.Debug|Any CPU.ActiveCfg = Debug|Any CPU
		{5BB0DC7A-B969-4B8E-9607-26C0418B2C0C}.Debug|Any CPU.Build.0 = Debug|Any CPU
		{5BB0DC7A-B969-4B8E-9607-26C0418B2C0C}.Release|Any CPU.ActiveCfg = Release|Any CPU
		{5BB0DC7A-B969-4B8E-9607-26C0418B2C0C}.Release|Any CPU.Build.0 = Release|Any CPU
	EndGlobalSection
	GlobalSection(SolutionProperties) = preSolution
		HideSolutionNode = FALSE
	EndGlobalSection
	GlobalSection(ExtensibilityGlobals) = postSolution
		SolutionGuid = {5F6E299F-263F-4E61-9A51-6118254DEA1B}
	EndGlobalSection
EndGlobal
